# THIS IS AN AUTOGENERATED FILE. DO NOT EDIT THIS FILE DIRECTLY.
# yarn lockfile v1


otplib@^6.0.3:
  version "6.0.3"
  resolved "https://registry.yarnpkg.com/otplib/-/otplib-6.0.3.tgz#daae5d1d09fcc96938d390949192891ed19062db"
  dependencies:
    thirty-two "1.0.2"

thirty-two@1.0.2:
  version "1.0.2"
  resolved "https://registry.yarnpkg.com/thirty-two/-/thirty-two-1.0.2.tgz#4ca2fffc02a51290d2744b9e3f557693ca6b627a"
